{
  "requires": true,
  "lockfileVersion": 1,
  "dependencies": {
    "jqwidgets-framework": {
      "version": "12.0.4",
      "resolved": "https://registry.npmjs.org/jqwidgets-framework/-/jqwidgets-framework-12.0.4.tgz",
      "integrity": "sha512-AVtFGoYyhGrY7MLqDCrRvdmfyyu1Pl3UybQnLonvy+BmZ+3s4AmCGK4l9pLa5sS9N+ZGG9+zc5XfTjPQtLtDTA=="
    }
  }
}
